
Microsoft Visual Studio Solution File, Format Version 12.00
Project("{2150E333-8FDC-42A3-9474-1A3956D46DE8}") = "Src", "Src", "{A23F5384-2FB3-476E-A914-D0A464944951}"
EndProject
Project("{2150E333-8FDC-42A3-9474-1A3956D46DE8}") = "Test", "Test", "{F87788CC-9CD8-43C9-B123-3351970BFC6A}"
EndProject
Project("{2150E333-8FDC-42A3-9474-1A3956D46DE8}") = "Docs", "Docs", "{2EA76F59-6CD3-4EB0-8FA0-DFA87E1A30D6}"
EndProject
Project("{2150E333-8FDC-42A3-9474-1A3956D46DE8}") = "Core", "Core", "{8403FDE1-E199-4B75-AF11-8C50624A2E93}"
EndProject
Project("{FAE04EC0-301F-11D3-BF4B-00C04F79EFBC}") = "Application", "Application\Application.csproj", "{71281C39-09E4-40D1-88A6-FEAEBEACCB62}"
EndProject
Project("{FAE04EC0-301F-11D3-BF4B-00C04F79EFBC}") = "Domain", "Domain\Domain.csproj", "{62A86D57-54D1-4DB5-9BBA-12D96C2C8DAB}"
EndProject
Project("{2150E333-8FDC-42A3-9474-1A3956D46DE8}") = "Presentation", "Presentation", "{034C2230-AF25-43BE-8CC1-1A4E501FB73F}"
EndProject
Project("{FAE04EC0-301F-11D3-BF4B-00C04F79EFBC}") = "WebSite.EndPoint", "WebSite.EndPoint\WebSite.EndPoint.csproj", "{FD66B97C-8B65-4FA6-9CEC-27F759B49156}"
EndProject
Project("{2150E333-8FDC-42A3-9474-1A3956D46DE8}") = "Infrastructure", "Infrastructure", "{7F511128-D554-4354-B840-B90976D426E6}"
EndProject
Project("{FAE04EC0-301F-11D3-BF4B-00C04F79EFBC}") = "WebApi.EndPoint", "WebApi.EndPoint\WebApi.EndPoint.csproj", "{89E7DB42-B37A-4AE8-AB08-946A85E4569A}"
EndProject
Project("{FAE04EC0-301F-11D3-BF4B-00C04F79EFBC}") = "WebSite.Test", "WebSite.Test\WebSite.Test.csproj", "{E9C89CFB-A428-4D15-848E-35FAE457BB6F}"
EndProject
Project("{FAE04EC0-301F-11D3-BF4B-00C04F79EFBC}") = "WebApi.Test", "WebApi.Test\WebApi.Test.csproj", "{263A3FCE-7A21-4E63-8A10-F715581B0A3F}"
EndProject
Project("{FAE04EC0-301F-11D3-BF4B-00C04F79EFBC}") = "Infrastructure", "Infrastructure\Infrastructure.csproj", "{4FB217F8-7167-40B0-B115-238862A41570}"
EndProject
Project("{FAE04EC0-301F-11D3-BF4B-00C04F79EFBC}") = "Persistence", "Persistence\Persistence.csproj", "{A095158E-742D-46FB-8899-D2DD7CBD3B0D}"
EndProject
Project("{2150E333-8FDC-42A3-9474-1A3956D46DE8}") = "Common", "Common", "{D78B867F-46A9-421C-8323-4A2EFC8F88C2}"
EndProject
Project("{FAE04EC0-301F-11D3-BF4B-00C04F79EFBC}") = "Common", "Common\Common.csproj", "{53BFF51F-1A37-4AD2-8ECB-E7F1E7B3DC18}"
EndProject
Project("{2150E333-8FDC-42A3-9474-1A3956D46DE8}") = "Src", "Src", "{535DDAAD-E166-4FA0-9A29-AA1461D319BE}"
EndProject
Project("{2150E333-8FDC-42A3-9474-1A3956D46DE8}") = "CSharp", "CSharp", "{AD9B94E0-6650-4B7E-A289-72F291CBDC5C}"
EndProject
Project("{2150E333-8FDC-42A3-9474-1A3956D46DE8}") = "CleanArchituctureInAspCore", "CleanArchituctureInAspCore", "{17709822-C556-410A-A8EA-8F287B0E5592}"
EndProject
Global
	GlobalSection(SolutionConfigurationPlatforms) = preSolution
		Debug|Any CPU = Debug|Any CPU
		Release|Any CPU = Release|Any CPU
	EndGlobalSection
	GlobalSection(NestedProjects) = preSolution
		{8403FDE1-E199-4B75-AF11-8C50624A2E93} = {A23F5384-2FB3-476E-A914-D0A464944951}
		{71281C39-09E4-40D1-88A6-FEAEBEACCB62} = {8403FDE1-E199-4B75-AF11-8C50624A2E93}
		{62A86D57-54D1-4DB5-9BBA-12D96C2C8DAB} = {8403FDE1-E199-4B75-AF11-8C50624A2E93}
		{034C2230-AF25-43BE-8CC1-1A4E501FB73F} = {A23F5384-2FB3-476E-A914-D0A464944951}
		{FD66B97C-8B65-4FA6-9CEC-27F759B49156} = {034C2230-AF25-43BE-8CC1-1A4E501FB73F}
		{7F511128-D554-4354-B840-B90976D426E6} = {A23F5384-2FB3-476E-A914-D0A464944951}
		{89E7DB42-B37A-4AE8-AB08-946A85E4569A} = {034C2230-AF25-43BE-8CC1-1A4E501FB73F}
		{E9C89CFB-A428-4D15-848E-35FAE457BB6F} = {F87788CC-9CD8-43C9-B123-3351970BFC6A}
		{263A3FCE-7A21-4E63-8A10-F715581B0A3F} = {F87788CC-9CD8-43C9-B123-3351970BFC6A}
		{4FB217F8-7167-40B0-B115-238862A41570} = {7F511128-D554-4354-B840-B90976D426E6}
		{A095158E-742D-46FB-8899-D2DD7CBD3B0D} = {7F511128-D554-4354-B840-B90976D426E6}
		{D78B867F-46A9-421C-8323-4A2EFC8F88C2} = {A23F5384-2FB3-476E-A914-D0A464944951}
		{53BFF51F-1A37-4AD2-8ECB-E7F1E7B3DC18} = {D78B867F-46A9-421C-8323-4A2EFC8F88C2}
		{AD9B94E0-6650-4B7E-A289-72F291CBDC5C} = {535DDAAD-E166-4FA0-9A29-AA1461D319BE}
		{17709822-C556-410A-A8EA-8F287B0E5592} = {AD9B94E0-6650-4B7E-A289-72F291CBDC5C}
		{F87788CC-9CD8-43C9-B123-3351970BFC6A} = {17709822-C556-410A-A8EA-8F287B0E5592}
		{A23F5384-2FB3-476E-A914-D0A464944951} = {17709822-C556-410A-A8EA-8F287B0E5592}
		{2EA76F59-6CD3-4EB0-8FA0-DFA87E1A30D6} = {17709822-C556-410A-A8EA-8F287B0E5592}
	EndGlobalSection
	GlobalSection(ProjectConfigurationPlatforms) = postSolution
		{71281C39-09E4-40D1-88A6-FEAEBEACCB62}.Debug|Any CPU.ActiveCfg = Debug|Any CPU
		{71281C39-09E4-40D1-88A6-FEAEBEACCB62}.Debug|Any CPU.Build.0 = Debug|Any CPU
		{71281C39-09E4-40D1-88A6-FEAEBEACCB62}.Release|Any CPU.ActiveCfg = Release|Any CPU
		{71281C39-09E4-40D1-88A6-FEAEBEACCB62}.Release|Any CPU.Build.0 = Release|Any CPU
		{62A86D57-54D1-4DB5-9BBA-12D96C2C8DAB}.Debug|Any CPU.ActiveCfg = Debug|Any CPU
		{62A86D57-54D1-4DB5-9BBA-12D96C2C8DAB}.Debug|Any CPU.Build.0 = Debug|Any CPU
		{62A86D57-54D1-4DB5-9BBA-12D96C2C8DAB}.Release|Any CPU.ActiveCfg = Release|Any CPU
		{62A86D57-54D1-4DB5-9BBA-12D96C2C8DAB}.Release|Any CPU.Build.0 = Release|Any CPU
		{FD66B97C-8B65-4FA6-9CEC-27F759B49156}.Debug|Any CPU.ActiveCfg = Debug|Any CPU
		{FD66B97C-8B65-4FA6-9CEC-27F759B49156}.Debug|Any CPU.Build.0 = Debug|Any CPU
		{FD66B97C-8B65-4FA6-9CEC-27F759B49156}.Release|Any CPU.ActiveCfg = Release|Any CPU
		{FD66B97C-8B65-4FA6-9CEC-27F759B49156}.Release|Any CPU.Build.0 = Release|Any CPU
		{89E7DB42-B37A-4AE8-AB08-946A85E4569A}.Debug|Any CPU.ActiveCfg = Debug|Any CPU
		{89E7DB42-B37A-4AE8-AB08-946A85E4569A}.Debug|Any CPU.Build.0 = Debug|Any CPU
		{89E7DB42-B37A-4AE8-AB08-946A85E4569A}.Release|Any CPU.ActiveCfg = Release|Any CPU
		{89E7DB42-B37A-4AE8-AB08-946A85E4569A}.Release|Any CPU.Build.0 = Release|Any CPU
		{E9C89CFB-A428-4D15-848E-35FAE457BB6F}.Debug|Any CPU.ActiveCfg = Debug|Any CPU
		{E9C89CFB-A428-4D15-848E-35FAE457BB6F}.Debug|Any CPU.Build.0 = Debug|Any CPU
		{E9C89CFB-A428-4D15-848E-35FAE457BB6F}.Release|Any CPU.ActiveCfg = Release|Any CPU
		{E9C89CFB-A428-4D15-848E-35FAE457BB6F}.Release|Any CPU.Build.0 = Release|Any CPU
		{263A3FCE-7A21-4E63-8A10-F715581B0A3F}.Debug|Any CPU.ActiveCfg = Debug|Any CPU
		{263A3FCE-7A21-4E63-8A10-F715581B0A3F}.Debug|Any CPU.Build.0 = Debug|Any CPU
		{263A3FCE-7A21-4E63-8A10-F715581B0A3F}.Release|Any CPU.ActiveCfg = Release|Any CPU
		{263A3FCE-7A21-4E63-8A10-F715581B0A3F}.Release|Any CPU.Build.0 = Release|Any CPU
		{4FB217F8-7167-40B0-B115-238862A41570}.Debug|Any CPU.ActiveCfg = Debug|Any CPU
		{4FB217F8-7167-40B0-B115-238862A41570}.Debug|Any CPU.Build.0 = Debug|Any CPU
		{4FB217F8-7167-40B0-B115-238862A41570}.Release|Any CPU.ActiveCfg = Release|Any CPU
		{4FB217F8-7167-40B0-B115-238862A41570}.Release|Any CPU.Build.0 = Release|Any CPU
		{A095158E-742D-46FB-8899-D2DD7CBD3B0D}.Debug|Any CPU.ActiveCfg = Debug|Any CPU
		{A095158E-742D-46FB-8899-D2DD7CBD3B0D}.Debug|Any CPU.Build.0 = Debug|Any CPU
		{A095158E-742D-46FB-8899-D2DD7CBD3B0D}.Release|Any CPU.ActiveCfg = Release|Any CPU
		{A095158E-742D-46FB-8899-D2DD7CBD3B0D}.Release|Any CPU.Build.0 = Release|Any CPU
		{53BFF51F-1A37-4AD2-8ECB-E7F1E7B3DC18}.Debug|Any CPU.ActiveCfg = Debug|Any CPU
		{53BFF51F-1A37-4AD2-8ECB-E7F1E7B3DC18}.Debug|Any CPU.Build.0 = Debug|Any CPU
		{53BFF51F-1A37-4AD2-8ECB-E7F1E7B3DC18}.Release|Any CPU.ActiveCfg = Release|Any CPU
		{53BFF51F-1A37-4AD2-8ECB-E7F1E7B3DC18}.Release|Any CPU.Build.0 = Release|Any CPU
	EndGlobalSection
EndGlobal
