
Microsoft Visual Studio Solution File, Format Version 12.00
Project("{2150E333-8FDC-42A3-9474-1A3956D46DE8}") = "Src", "Src", "{A23F5384-2FB3-476E-A914-D0A464944951}"
EndProject
Project("{2150E333-8FDC-42A3-9474-1A3956D46DE8}") = "Test", "Test", "{F87788CC-9CD8-43C9-B123-3351970BFC6A}"
EndProject
Project("{2150E333-8FDC-42A3-9474-1A3956D46DE8}") = "Docs", "Docs", "{2EA76F59-6CD3-4EB0-8FA0-DFA87E1A30D6}"
EndProject
Project("{2150E333-8FDC-42A3-9474-1A3956D46DE8}") = "Core", "Core", "{8403FDE1-E199-4B75-AF11-8C50624A2E93}"
EndProject
Project("{2150E333-8FDC-42A3-9474-1A3956D46DE8}") = "Presentation", "Presentation", "{034C2230-AF25-43BE-8CC1-1A4E501FB73F}"
EndProject
Project("{2150E333-8FDC-42A3-9474-1A3956D46DE8}") = "Infrastructure", "Infrastructure", "{7F511128-D554-4354-B840-B90976D426E6}"
EndProject
Project("{2150E333-8FDC-42A3-9474-1A3956D46DE8}") = "Common", "Common", "{D78B867F-46A9-421C-8323-4A2EFC8F88C2}"
EndProject
Project("{2150E333-8FDC-42A3-9474-1A3956D46DE8}") = "Srcs", "Srcs", "{BB2A8C48-C3FD-4B7E-A357-4307651B44D0}"
EndProject
Project("{2150E333-8FDC-42A3-9474-1A3956D46DE8}") = "CSharp", "CSharp", "{C95C1D45-7B7F-4C64-89B6-7311D2EFBD05}"
EndProject
Project("{2150E333-8FDC-42A3-9474-1A3956D46DE8}") = "CleanArchituctureForAspCore", "CleanArchituctureForAspCore", "{30A65E90-05D3-497B-8C16-B8AE80C1671A}"
EndProject
Project("{FAE04EC0-301F-11D3-BF4B-00C04F79EFBC}") = "Common", "Srcs\CSharp\CleanArchituctureForAspCore\Src\Common\Common\Common.csproj", "{15A31BBE-CB2B-4CBC-B72E-3ADD73BF1B82}"
EndProject
Project("{FAE04EC0-301F-11D3-BF4B-00C04F79EFBC}") = "Application", "Srcs\CSharp\CleanArchituctureForAspCore\Src\Core\Application\Application.csproj", "{D88971DD-494F-42D6-9881-4A8035887054}"
EndProject
Project("{FAE04EC0-301F-11D3-BF4B-00C04F79EFBC}") = "Domain", "Srcs\CSharp\CleanArchituctureForAspCore\Src\Core\Domain\Domain.csproj", "{A07208A0-1A6E-4B78-AB24-AC030FCB3BC1}"
EndProject
Project("{FAE04EC0-301F-11D3-BF4B-00C04F79EFBC}") = "Infrastructure", "Srcs\CSharp\CleanArchituctureForAspCore\Src\Infrastructure\Infrastructure\Infrastructure.csproj", "{451932E0-E5A7-4BB7-9073-48D7B37926D2}"
EndProject
Project("{FAE04EC0-301F-11D3-BF4B-00C04F79EFBC}") = "Persistence", "Srcs\CSharp\CleanArchituctureForAspCore\Src\Infrastructure\Persistence\Persistence.csproj", "{DF1C59ED-2F8E-4418-A007-07B8FDDEF7C3}"
EndProject
Project("{FAE04EC0-301F-11D3-BF4B-00C04F79EFBC}") = "WebApi.EndPoint", "Srcs\CSharp\CleanArchituctureForAspCore\Src\Presentation\WebApi.EndPoint\WebApi.EndPoint.csproj", "{44DA60FF-654D-48C2-82C3-6A80143EA6F5}"
EndProject
Project("{FAE04EC0-301F-11D3-BF4B-00C04F79EFBC}") = "WebSite.EndPoint", "Srcs\CSharp\CleanArchituctureForAspCore\Src\Presentation\WebSite.EndPoint\WebSite.EndPoint.csproj", "{3B283A7B-85C9-4DB5-849E-94E2E8B70B4F}"
EndProject
Project("{FAE04EC0-301F-11D3-BF4B-00C04F79EFBC}") = "WebApi.Test", "Srcs\CSharp\CleanArchituctureForAspCore\Test\WebApi.Test\WebApi.Test.csproj", "{3559DC37-A574-4EDA-B794-DE6F1C1532E5}"
EndProject
Project("{FAE04EC0-301F-11D3-BF4B-00C04F79EFBC}") = "WebSite.Test", "Srcs\CSharp\CleanArchituctureForAspCore\Test\WebSite.Test\WebSite.Test.csproj", "{FD35C801-FEB9-474F-8194-91601711B296}"
EndProject
Global
	GlobalSection(SolutionConfigurationPlatforms) = preSolution
		Debug|Any CPU = Debug|Any CPU
		Release|Any CPU = Release|Any CPU
	EndGlobalSection
	GlobalSection(NestedProjects) = preSolution
		{8403FDE1-E199-4B75-AF11-8C50624A2E93} = {A23F5384-2FB3-476E-A914-D0A464944951}
		{034C2230-AF25-43BE-8CC1-1A4E501FB73F} = {A23F5384-2FB3-476E-A914-D0A464944951}
		{7F511128-D554-4354-B840-B90976D426E6} = {A23F5384-2FB3-476E-A914-D0A464944951}
		{D78B867F-46A9-421C-8323-4A2EFC8F88C2} = {A23F5384-2FB3-476E-A914-D0A464944951}
		{C95C1D45-7B7F-4C64-89B6-7311D2EFBD05} = {BB2A8C48-C3FD-4B7E-A357-4307651B44D0}
		{30A65E90-05D3-497B-8C16-B8AE80C1671A} = {C95C1D45-7B7F-4C64-89B6-7311D2EFBD05}
		{F87788CC-9CD8-43C9-B123-3351970BFC6A} = {30A65E90-05D3-497B-8C16-B8AE80C1671A}
		{2EA76F59-6CD3-4EB0-8FA0-DFA87E1A30D6} = {30A65E90-05D3-497B-8C16-B8AE80C1671A}
		{A23F5384-2FB3-476E-A914-D0A464944951} = {30A65E90-05D3-497B-8C16-B8AE80C1671A}
		{15A31BBE-CB2B-4CBC-B72E-3ADD73BF1B82} = {D78B867F-46A9-421C-8323-4A2EFC8F88C2}
		{D88971DD-494F-42D6-9881-4A8035887054} = {8403FDE1-E199-4B75-AF11-8C50624A2E93}
		{A07208A0-1A6E-4B78-AB24-AC030FCB3BC1} = {8403FDE1-E199-4B75-AF11-8C50624A2E93}
		{451932E0-E5A7-4BB7-9073-48D7B37926D2} = {7F511128-D554-4354-B840-B90976D426E6}
		{DF1C59ED-2F8E-4418-A007-07B8FDDEF7C3} = {7F511128-D554-4354-B840-B90976D426E6}
		{44DA60FF-654D-48C2-82C3-6A80143EA6F5} = {034C2230-AF25-43BE-8CC1-1A4E501FB73F}
		{3B283A7B-85C9-4DB5-849E-94E2E8B70B4F} = {034C2230-AF25-43BE-8CC1-1A4E501FB73F}
		{3559DC37-A574-4EDA-B794-DE6F1C1532E5} = {F87788CC-9CD8-43C9-B123-3351970BFC6A}
		{FD35C801-FEB9-474F-8194-91601711B296} = {F87788CC-9CD8-43C9-B123-3351970BFC6A}
	EndGlobalSection
	GlobalSection(ProjectConfigurationPlatforms) = postSolution
		{15A31BBE-CB2B-4CBC-B72E-3ADD73BF1B82}.Debug|Any CPU.ActiveCfg = Debug|Any CPU
		{15A31BBE-CB2B-4CBC-B72E-3ADD73BF1B82}.Debug|Any CPU.Build.0 = Debug|Any CPU
		{15A31BBE-CB2B-4CBC-B72E-3ADD73BF1B82}.Release|Any CPU.ActiveCfg = Release|Any CPU
		{15A31BBE-CB2B-4CBC-B72E-3ADD73BF1B82}.Release|Any CPU.Build.0 = Release|Any CPU
		{D88971DD-494F-42D6-9881-4A8035887054}.Debug|Any CPU.ActiveCfg = Debug|Any CPU
		{D88971DD-494F-42D6-9881-4A8035887054}.Debug|Any CPU.Build.0 = Debug|Any CPU
		{D88971DD-494F-42D6-9881-4A8035887054}.Release|Any CPU.ActiveCfg = Release|Any CPU
		{D88971DD-494F-42D6-9881-4A8035887054}.Release|Any CPU.Build.0 = Release|Any CPU
		{A07208A0-1A6E-4B78-AB24-AC030FCB3BC1}.Debug|Any CPU.ActiveCfg = Debug|Any CPU
		{A07208A0-1A6E-4B78-AB24-AC030FCB3BC1}.Debug|Any CPU.Build.0 = Debug|Any CPU
		{A07208A0-1A6E-4B78-AB24-AC030FCB3BC1}.Release|Any CPU.ActiveCfg = Release|Any CPU
		{A07208A0-1A6E-4B78-AB24-AC030FCB3BC1}.Release|Any CPU.Build.0 = Release|Any CPU
		{451932E0-E5A7-4BB7-9073-48D7B37926D2}.Debug|Any CPU.ActiveCfg = Debug|Any CPU
		{451932E0-E5A7-4BB7-9073-48D7B37926D2}.Debug|Any CPU.Build.0 = Debug|Any CPU
		{451932E0-E5A7-4BB7-9073-48D7B37926D2}.Release|Any CPU.ActiveCfg = Release|Any CPU
		{451932E0-E5A7-4BB7-9073-48D7B37926D2}.Release|Any CPU.Build.0 = Release|Any CPU
		{DF1C59ED-2F8E-4418-A007-07B8FDDEF7C3}.Debug|Any CPU.ActiveCfg = Debug|Any CPU
		{DF1C59ED-2F8E-4418-A007-07B8FDDEF7C3}.Debug|Any CPU.Build.0 = Debug|Any CPU
		{DF1C59ED-2F8E-4418-A007-07B8FDDEF7C3}.Release|Any CPU.ActiveCfg = Release|Any CPU
		{DF1C59ED-2F8E-4418-A007-07B8FDDEF7C3}.Release|Any CPU.Build.0 = Release|Any CPU
		{44DA60FF-654D-48C2-82C3-6A80143EA6F5}.Debug|Any CPU.ActiveCfg = Debug|Any CPU
		{44DA60FF-654D-48C2-82C3-6A80143EA6F5}.Debug|Any CPU.Build.0 = Debug|Any CPU
		{44DA60FF-654D-48C2-82C3-6A80143EA6F5}.Release|Any CPU.ActiveCfg = Release|Any CPU
		{44DA60FF-654D-48C2-82C3-6A80143EA6F5}.Release|Any CPU.Build.0 = Release|Any CPU
		{3B283A7B-85C9-4DB5-849E-94E2E8B70B4F}.Debug|Any CPU.ActiveCfg = Debug|Any CPU
		{3B283A7B-85C9-4DB5-849E-94E2E8B70B4F}.Debug|Any CPU.Build.0 = Debug|Any CPU
		{3B283A7B-85C9-4DB5-849E-94E2E8B70B4F}.Release|Any CPU.ActiveCfg = Release|Any CPU
		{3B283A7B-85C9-4DB5-849E-94E2E8B70B4F}.Release|Any CPU.Build.0 = Release|Any CPU
		{3559DC37-A574-4EDA-B794-DE6F1C1532E5}.Debug|Any CPU.ActiveCfg = Debug|Any CPU
		{3559DC37-A574-4EDA-B794-DE6F1C1532E5}.Debug|Any CPU.Build.0 = Debug|Any CPU
		{3559DC37-A574-4EDA-B794-DE6F1C1532E5}.Release|Any CPU.ActiveCfg = Release|Any CPU
		{3559DC37-A574-4EDA-B794-DE6F1C1532E5}.Release|Any CPU.Build.0 = Release|Any CPU
		{FD35C801-FEB9-474F-8194-91601711B296}.Debug|Any CPU.ActiveCfg = Debug|Any CPU
		{FD35C801-FEB9-474F-8194-91601711B296}.Debug|Any CPU.Build.0 = Debug|Any CPU
		{FD35C801-FEB9-474F-8194-91601711B296}.Release|Any CPU.ActiveCfg = Release|Any CPU
		{FD35C801-FEB9-474F-8194-91601711B296}.Release|Any CPU.Build.0 = Release|Any CPU
	EndGlobalSection
EndGlobal
